
Microsoft Visual Studio Solution File, Format Version 10.00
# Visual Studio 2008
Project("{FAE04EC0-301F-11D3-BF4B-00C04F79EFBC}") = "Mary", "Mary\Mary.csproj", "{FB3A0661-54D1-424D-9AE1-82DAA6E7FBFD}"
EndProject
Project("{2150E333-8FDC-42A3-9474-1A3956D46DE8}") = "Solution Items", "Solution Items", "{7FA6786E-0A0C-44CC-ADFA-BE4C1594C312}"
	ProjectSection(SolutionItems) = preProject
		Descr.txt = Descr.txt
		ToDo.txt = ToDo.txt
	EndProjectSection
EndProject
Project("{FAE04EC0-301F-11D3-BF4B-00C04F79EFBC}") = "TestShell", "TestShell\TestShell.csproj", "{1D0669A7-969A-4585-9F93-A74DCF6ED2AE}"
	ProjectSection(ProjectDependencies) = postProject
		{52E79F3B-3E21-45BA-853D-3C6FBBFBAC24} = {52E79F3B-3E21-45BA-853D-3C6FBBFBAC24}
		{DDDB463E-8C50-49DF-B4A8-1C9B250CA04B} = {DDDB463E-8C50-49DF-B4A8-1C9B250CA04B}
		{A63333B0-205B-440C-9AE6-1DB7C2937303} = {A63333B0-205B-440C-9AE6-1DB7C2937303}
		{3B4686F6-5850-42AA-9E7A-865426EA51BC} = {3B4686F6-5850-42AA-9E7A-865426EA51BC}
	EndProjectSection
EndProject
Project("{FAE04EC0-301F-11D3-BF4B-00C04F79EFBC}") = "RenewTests2017", "RenewTests2017\RenewTests2017.csproj", "{4B279128-9504-43A2-AA52-757DC69F2FC4}"
	ProjectSection(ProjectDependencies) = postProject
		{52E79F3B-3E21-45BA-853D-3C6FBBFBAC24} = {52E79F3B-3E21-45BA-853D-3C6FBBFBAC24}
		{DDDB463E-8C50-49DF-B4A8-1C9B250CA04B} = {DDDB463E-8C50-49DF-B4A8-1C9B250CA04B}
		{A63333B0-205B-440C-9AE6-1DB7C2937303} = {A63333B0-205B-440C-9AE6-1DB7C2937303}
		{3B4686F6-5850-42AA-9E7A-865426EA51BC} = {3B4686F6-5850-42AA-9E7A-865426EA51BC}
	EndProjectSection
EndProject
Project("{FAE04EC0-301F-11D3-BF4B-00C04F79EFBC}") = "MsJetDbAdapter", "MsJetDbAdapter\MsJetDbAdapter.csproj", "{A63333B0-205B-440C-9AE6-1DB7C2937303}"
EndProject
Project("{FAE04EC0-301F-11D3-BF4B-00C04F79EFBC}") = "MsSql2005DbAdapter", "MsSql2005DbAdapter\MsSql2005DbAdapter.csproj", "{3B4686F6-5850-42AA-9E7A-865426EA51BC}"
EndProject
Project("{FAE04EC0-301F-11D3-BF4B-00C04F79EFBC}") = "MySql5DbAdapter", "MySql5DbAdapter\MySql5DbAdapter.csproj", "{52E79F3B-3E21-45BA-853D-3C6FBBFBAC24}"
EndProject
Project("{FAE04EC0-301F-11D3-BF4B-00C04F79EFBC}") = "Sqlite3DbAdapter", "Sqlite3DbAdapter\Sqlite3DbAdapter.csproj", "{DDDB463E-8C50-49DF-B4A8-1C9B250CA04B}"
EndProject
Global
	GlobalSection(SolutionConfigurationPlatforms) = preSolution
		Debug|Any CPU = Debug|Any CPU
		Debug|x86 = Debug|x86
		Release|Any CPU = Release|Any CPU
		Release|x86 = Release|x86
	EndGlobalSection
	GlobalSection(ProjectConfigurationPlatforms) = postSolution
		{FB3A0661-54D1-424D-9AE1-82DAA6E7FBFD}.Debug|Any CPU.ActiveCfg = Debug|Any CPU
		{FB3A0661-54D1-424D-9AE1-82DAA6E7FBFD}.Debug|Any CPU.Build.0 = Debug|Any CPU
		{FB3A0661-54D1-424D-9AE1-82DAA6E7FBFD}.Debug|x86.ActiveCfg = Debug|x86
		{FB3A0661-54D1-424D-9AE1-82DAA6E7FBFD}.Debug|x86.Build.0 = Debug|x86
		{FB3A0661-54D1-424D-9AE1-82DAA6E7FBFD}.Release|Any CPU.ActiveCfg = Release|Any CPU
		{FB3A0661-54D1-424D-9AE1-82DAA6E7FBFD}.Release|Any CPU.Build.0 = Release|Any CPU
		{FB3A0661-54D1-424D-9AE1-82DAA6E7FBFD}.Release|x86.ActiveCfg = Release|x86
		{FB3A0661-54D1-424D-9AE1-82DAA6E7FBFD}.Release|x86.Build.0 = Release|x86
		{1D0669A7-969A-4585-9F93-A74DCF6ED2AE}.Debug|Any CPU.ActiveCfg = Debug|Any CPU
		{1D0669A7-969A-4585-9F93-A74DCF6ED2AE}.Debug|Any CPU.Build.0 = Debug|Any CPU
		{1D0669A7-969A-4585-9F93-A74DCF6ED2AE}.Debug|x86.ActiveCfg = Debug|x86
		{1D0669A7-969A-4585-9F93-A74DCF6ED2AE}.Debug|x86.Build.0 = Debug|x86
		{1D0669A7-969A-4585-9F93-A74DCF6ED2AE}.Release|Any CPU.ActiveCfg = Release|Any CPU
		{1D0669A7-969A-4585-9F93-A74DCF6ED2AE}.Release|Any CPU.Build.0 = Release|Any CPU
		{1D0669A7-969A-4585-9F93-A74DCF6ED2AE}.Release|x86.ActiveCfg = Release|x86
		{1D0669A7-969A-4585-9F93-A74DCF6ED2AE}.Release|x86.Build.0 = Release|x86
		{4B279128-9504-43A2-AA52-757DC69F2FC4}.Debug|Any CPU.ActiveCfg = Debug|Any CPU
		{4B279128-9504-43A2-AA52-757DC69F2FC4}.Debug|Any CPU.Build.0 = Debug|Any CPU
		{4B279128-9504-43A2-AA52-757DC69F2FC4}.Debug|x86.ActiveCfg = Debug|x86
		{4B279128-9504-43A2-AA52-757DC69F2FC4}.Debug|x86.Build.0 = Debug|x86
		{4B279128-9504-43A2-AA52-757DC69F2FC4}.Release|Any CPU.ActiveCfg = Release|Any CPU
		{4B279128-9504-43A2-AA52-757DC69F2FC4}.Release|Any CPU.Build.0 = Release|Any CPU
		{4B279128-9504-43A2-AA52-757DC69F2FC4}.Release|x86.ActiveCfg = Release|x86
		{4B279128-9504-43A2-AA52-757DC69F2FC4}.Release|x86.Build.0 = Release|x86
		{A63333B0-205B-440C-9AE6-1DB7C2937303}.Debug|Any CPU.ActiveCfg = Debug|Any CPU
		{A63333B0-205B-440C-9AE6-1DB7C2937303}.Debug|Any CPU.Build.0 = Debug|Any CPU
		{A63333B0-205B-440C-9AE6-1DB7C2937303}.Debug|x86.ActiveCfg = Debug|x86
		{A63333B0-205B-440C-9AE6-1DB7C2937303}.Debug|x86.Build.0 = Debug|x86
		{A63333B0-205B-440C-9AE6-1DB7C2937303}.Release|Any CPU.ActiveCfg = Release|Any CPU
		{A63333B0-205B-440C-9AE6-1DB7C2937303}.Release|Any CPU.Build.0 = Release|Any CPU
		{A63333B0-205B-440C-9AE6-1DB7C2937303}.Release|x86.ActiveCfg = Release|x86
		{A63333B0-205B-440C-9AE6-1DB7C2937303}.Release|x86.Build.0 = Release|x86
		{3B4686F6-5850-42AA-9E7A-865426EA51BC}.Debug|Any CPU.ActiveCfg = Debug|Any CPU
		{3B4686F6-5850-42AA-9E7A-865426EA51BC}.Debug|Any CPU.Build.0 = Debug|Any CPU
		{3B4686F6-5850-42AA-9E7A-865426EA51BC}.Debug|x86.ActiveCfg = Debug|x86
		{3B4686F6-5850-42AA-9E7A-865426EA51BC}.Debug|x86.Build.0 = Debug|x86
		{3B4686F6-5850-42AA-9E7A-865426EA51BC}.Release|Any CPU.ActiveCfg = Release|Any CPU
		{3B4686F6-5850-42AA-9E7A-865426EA51BC}.Release|Any CPU.Build.0 = Release|Any CPU
		{3B4686F6-5850-42AA-9E7A-865426EA51BC}.Release|x86.ActiveCfg = Release|x86
		{3B4686F6-5850-42AA-9E7A-865426EA51BC}.Release|x86.Build.0 = Release|x86
		{52E79F3B-3E21-45BA-853D-3C6FBBFBAC24}.Debug|Any CPU.ActiveCfg = Debug|Any CPU
		{52E79F3B-3E21-45BA-853D-3C6FBBFBAC24}.Debug|Any CPU.Build.0 = Debug|Any CPU
		{52E79F3B-3E21-45BA-853D-3C6FBBFBAC24}.Debug|x86.ActiveCfg = Debug|x86
		{52E79F3B-3E21-45BA-853D-3C6FBBFBAC24}.Debug|x86.Build.0 = Debug|x86
		{52E79F3B-3E21-45BA-853D-3C6FBBFBAC24}.Release|Any CPU.ActiveCfg = Release|Any CPU
		{52E79F3B-3E21-45BA-853D-3C6FBBFBAC24}.Release|Any CPU.Build.0 = Release|Any CPU
		{52E79F3B-3E21-45BA-853D-3C6FBBFBAC24}.Release|x86.ActiveCfg = Release|x86
		{52E79F3B-3E21-45BA-853D-3C6FBBFBAC24}.Release|x86.Build.0 = Release|x86
		{DDDB463E-8C50-49DF-B4A8-1C9B250CA04B}.Debug|Any CPU.ActiveCfg = Debug|Any CPU
		{DDDB463E-8C50-49DF-B4A8-1C9B250CA04B}.Debug|Any CPU.Build.0 = Debug|Any CPU
		{DDDB463E-8C50-49DF-B4A8-1C9B250CA04B}.Debug|x86.ActiveCfg = Debug|x86
		{DDDB463E-8C50-49DF-B4A8-1C9B250CA04B}.Debug|x86.Build.0 = Debug|x86
		{DDDB463E-8C50-49DF-B4A8-1C9B250CA04B}.Release|Any CPU.ActiveCfg = Release|Any CPU
		{DDDB463E-8C50-49DF-B4A8-1C9B250CA04B}.Release|Any CPU.Build.0 = Release|Any CPU
		{DDDB463E-8C50-49DF-B4A8-1C9B250CA04B}.Release|x86.ActiveCfg = Release|x86
		{DDDB463E-8C50-49DF-B4A8-1C9B250CA04B}.Release|x86.Build.0 = Release|x86
	EndGlobalSection
	GlobalSection(SolutionProperties) = preSolution
		HideSolutionNode = FALSE
	EndGlobalSection
EndGlobal
